{
  "version": 4,
  "terraform_version": "1.7.2",
  "serial": 172,
  "lineage": "2afc425f-2a7b-5254-e314-dd55e4aaf66e",
  "outputs": {
    "azurerm_postgresql_flexible_server": {
      "value": "postgresqlfs-kitten-server",
      "type": "string"
    },
    "postgresql_flexible_server_admin_password": {
      "value": "UtHWhOpiI9R1)?7%An\u003cv",
      "type": "string",
      "sensitive": true
    },
    "postgresql_flexible_server_database_name": {
      "value": "postgresqlfs-kitten-db",
      "type": "string"
    },
    "resource_group_name": {
      "value": "postgresqlfs-kitten",
      "type": "string"
    }
  },
  "resources": [
    {
      "mode": "managed",
      "type": "azurerm_network_security_group",
      "name": "default",
      "provider": "provider[\"registry.terraform.io/hashicorp/azurerm\"]",
      "instances": [
        {
          "schema_version": 0,
          "attributes": {
            "id": "/subscriptions/12049274-c11c-483b-8f74-e01c94467433/resourceGroups/postgresqlfs-kitten/providers/Microsoft.Network/networkSecurityGroups/postgresqlfs-kitten-nsg",
            "location": "westeurope",
            "name": "postgresqlfs-kitten-nsg",
            "resource_group_name": "postgresqlfs-kitten",
            "security_rule": [
              {
                "access": "Allow",
                "description": "",
                "destination_address_prefix": "*",
                "destination_address_prefixes": [],
                "destination_application_security_group_ids": [],
                "destination_port_range": "*",
                "destination_port_ranges": [],
                "direction": "Inbound",
                "name": "test123",
                "priority": 100,
                "protocol": "Tcp",
                "source_address_prefix": "*",
                "source_address_prefixes": [],
                "source_application_security_group_ids": [],
                "source_port_range": "*",
                "source_port_ranges": []
              }
            ],
            "tags": null,
            "timeouts": null
          },
          "sensitive_attributes": [],
          "private": "eyJlMmJmYjczMC1lY2FhLTExZTYtOGY4OC0zNDM2M2JjN2M0YzAiOnsiY3JlYXRlIjoxODAwMDAwMDAwMDAwLCJkZWxldGUiOjE4MDAwMDAwMDAwMDAsInJlYWQiOjMwMDAwMDAwMDAwMCwidXBkYXRlIjoxODAwMDAwMDAwMDAwfX0=",
          "dependencies": [
            "azurerm_resource_group.default",
            "random_pet.name_prefix"
          ]
        }
      ]
    },
    {
      "mode": "managed",
      "type": "azurerm_postgresql_flexible_server",
      "name": "default",
      "provider": "provider[\"registry.terraform.io/hashicorp/azurerm\"]",
      "instances": [
        {
          "schema_version": 0,
          "attributes": {
            "administrator_login": "postgres",
            "administrator_password": "UtHWhOpiI9R1)?7%An\u003cv",
            "authentication": [
              {
                "active_directory_auth_enabled": false,
                "password_auth_enabled": true,
                "tenant_id": ""
              }
            ],
            "auto_grow_enabled": false,
            "backup_retention_days": 7,
            "create_mode": null,
            "customer_managed_key": [],
            "delegated_subnet_id": "/subscriptions/12049274-c11c-483b-8f74-e01c94467433/resourceGroups/postgresqlfs-kitten/providers/Microsoft.Network/virtualNetworks/postgresqlfs-kitten-vnet/subnets/postgresqlfs-kitten-subnet",
            "fqdn": "postgresqlfs-kitten-server.postgres.database.azure.com",
            "geo_redundant_backup_enabled": false,
            "high_availability": [],
            "id": "/subscriptions/12049274-c11c-483b-8f74-e01c94467433/resourceGroups/postgresqlfs-kitten/providers/Microsoft.DBforPostgreSQL/flexibleServers/postgresqlfs-kitten-server",
            "identity": [],
            "location": "westeurope",
            "maintenance_window": [],
            "name": "postgresqlfs-kitten-server",
            "point_in_time_restore_time_in_utc": null,
            "private_dns_zone_id": "/subscriptions/12049274-c11c-483b-8f74-e01c94467433/resourceGroups/postgresqlfs-kitten/providers/Microsoft.Network/privateDnsZones/postgresqlfs-kitten-pdz.postgres.database.azure.com",
            "public_network_access_enabled": false,
            "replication_role": "",
            "resource_group_name": "postgresqlfs-kitten",
            "sku_name": "B_Standard_B1ms",
            "source_server_id": null,
            "storage_mb": 32768,
            "tags": null,
            "timeouts": null,
            "version": "16",
            "zone": "1"
          },
          "sensitive_attributes": [
            [
              {
                "type": "get_attr",
                "value": "administrator_password"
              }
            ]
          ],
          "private": "eyJlMmJmYjczMC1lY2FhLTExZTYtOGY4OC0zNDM2M2JjN2M0YzAiOnsiY3JlYXRlIjozNjAwMDAwMDAwMDAwLCJkZWxldGUiOjM2MDAwMDAwMDAwMDAsInJlYWQiOjMwMDAwMDAwMDAwMCwidXBkYXRlIjozNjAwMDAwMDAwMDAwfX0=",
          "dependencies": [
            "azurerm_network_security_group.default",
            "azurerm_private_dns_zone.default",
            "azurerm_private_dns_zone_virtual_network_link.default",
            "azurerm_resource_group.default",
            "azurerm_subnet.default",
            "azurerm_subnet_network_security_group_association.default",
            "azurerm_virtual_network.default",
            "random_password.pass",
            "random_pet.name_prefix"
          ]
        }
      ]
    },
    {
      "mode": "managed",
      "type": "azurerm_postgresql_flexible_server_database",
      "name": "default",
      "provider": "provider[\"registry.terraform.io/hashicorp/azurerm\"]",
      "instances": [
        {
          "schema_version": 0,
          "attributes": {
            "charset": "UTF8",
            "collation": "en_US.utf8",
            "id": "/subscriptions/12049274-c11c-483b-8f74-e01c94467433/resourceGroups/postgresqlfs-kitten/providers/Microsoft.DBforPostgreSQL/flexibleServers/postgresqlfs-kitten-server/databases/postgresqlfs-kitten-db",
            "name": "postgresqlfs-kitten-db",
            "server_id": "/subscriptions/12049274-c11c-483b-8f74-e01c94467433/resourceGroups/postgresqlfs-kitten/providers/Microsoft.DBforPostgreSQL/flexibleServers/postgresqlfs-kitten-server",
            "timeouts": null
          },
          "sensitive_attributes": [],
          "private": "eyJlMmJmYjczMC1lY2FhLTExZTYtOGY4OC0zNDM2M2JjN2M0YzAiOnsiY3JlYXRlIjoxODAwMDAwMDAwMDAwLCJkZWxldGUiOjE4MDAwMDAwMDAwMDAsInJlYWQiOjMwMDAwMDAwMDAwMH19",
          "dependencies": [
            "azurerm_network_security_group.default",
            "azurerm_postgresql_flexible_server.default",
            "azurerm_private_dns_zone.default",
            "azurerm_private_dns_zone_virtual_network_link.default",
            "azurerm_resource_group.default",
            "azurerm_subnet.default",
            "azurerm_subnet_network_security_group_association.default",
            "azurerm_virtual_network.default",
            "random_password.pass",
            "random_pet.name_prefix"
          ]
        }
      ]
    },
    {
      "mode": "managed",
      "type": "azurerm_private_dns_zone",
      "name": "default",
      "provider": "provider[\"registry.terraform.io/hashicorp/azurerm\"]",
      "instances": [
        {
          "schema_version": 0,
          "attributes": {
            "id": "/subscriptions/12049274-c11c-483b-8f74-e01c94467433/resourceGroups/postgresqlfs-kitten/providers/Microsoft.Network/privateDnsZones/postgresqlfs-kitten-pdz.postgres.database.azure.com",
            "max_number_of_record_sets": 25000,
            "max_number_of_virtual_network_links": 1000,
            "max_number_of_virtual_network_links_with_registration": 100,
            "name": "postgresqlfs-kitten-pdz.postgres.database.azure.com",
            "number_of_record_sets": 1,
            "resource_group_name": "postgresqlfs-kitten",
            "soa_record": [
              {
                "email": "azureprivatedns-host.microsoft.com",
                "expire_time": 2419200,
                "fqdn": "postgresqlfs-kitten-pdz.postgres.database.azure.com.",
                "host_name": "azureprivatedns.net",
                "minimum_ttl": 10,
                "refresh_time": 3600,
                "retry_time": 300,
                "serial_number": 1,
                "tags": {},
                "ttl": 3600
              }
            ],
            "tags": null,
            "timeouts": null
          },
          "sensitive_attributes": [],
          "private": "eyJlMmJmYjczMC1lY2FhLTExZTYtOGY4OC0zNDM2M2JjN2M0YzAiOnsiY3JlYXRlIjoxODAwMDAwMDAwMDAwLCJkZWxldGUiOjE4MDAwMDAwMDAwMDAsInJlYWQiOjMwMDAwMDAwMDAwMCwidXBkYXRlIjoxODAwMDAwMDAwMDAwfX0=",
          "dependencies": [
            "azurerm_network_security_group.default",
            "azurerm_resource_group.default",
            "azurerm_subnet.default",
            "azurerm_subnet_network_security_group_association.default",
            "azurerm_virtual_network.default",
            "random_pet.name_prefix"
          ]
        }
      ]
    },
    {
      "mode": "managed",
      "type": "azurerm_private_dns_zone_virtual_network_link",
      "name": "default",
      "provider": "provider[\"registry.terraform.io/hashicorp/azurerm\"]",
      "instances": [
        {
          "schema_version": 0,
          "attributes": {
            "id": "/subscriptions/12049274-c11c-483b-8f74-e01c94467433/resourceGroups/postgresqlfs-kitten/providers/Microsoft.Network/privateDnsZones/postgresqlfs-kitten-pdz.postgres.database.azure.com/virtualNetworkLinks/postgresqlfs-kitten-pdzvnetlink.com",
            "name": "postgresqlfs-kitten-pdzvnetlink.com",
            "private_dns_zone_name": "postgresqlfs-kitten-pdz.postgres.database.azure.com",
            "registration_enabled": false,
            "resource_group_name": "postgresqlfs-kitten",
            "tags": null,
            "timeouts": null,
            "virtual_network_id": "/subscriptions/12049274-c11c-483b-8f74-e01c94467433/resourceGroups/postgresqlfs-kitten/providers/Microsoft.Network/virtualNetworks/postgresqlfs-kitten-vnet"
          },
          "sensitive_attributes": [],
          "private": "eyJlMmJmYjczMC1lY2FhLTExZTYtOGY4OC0zNDM2M2JjN2M0YzAiOnsiY3JlYXRlIjoxODAwMDAwMDAwMDAwLCJkZWxldGUiOjE4MDAwMDAwMDAwMDAsInJlYWQiOjMwMDAwMDAwMDAwMCwidXBkYXRlIjoxODAwMDAwMDAwMDAwfX0=",
          "dependencies": [
            "azurerm_network_security_group.default",
            "azurerm_private_dns_zone.default",
            "azurerm_resource_group.default",
            "azurerm_subnet.default",
            "azurerm_subnet_network_security_group_association.default",
            "azurerm_virtual_network.default",
            "random_pet.name_prefix"
          ]
        }
      ]
    },
    {
      "mode": "managed",
      "type": "azurerm_resource_group",
      "name": "default",
      "provider": "provider[\"registry.terraform.io/hashicorp/azurerm\"]",
      "instances": [
        {
          "schema_version": 0,
          "attributes": {
            "id": "/subscriptions/12049274-c11c-483b-8f74-e01c94467433/resourceGroups/postgresqlfs-kitten",
            "location": "westeurope",
            "managed_by": "",
            "name": "postgresqlfs-kitten",
            "tags": null,
            "timeouts": null
          },
          "sensitive_attributes": [],
          "private": "eyJlMmJmYjczMC1lY2FhLTExZTYtOGY4OC0zNDM2M2JjN2M0YzAiOnsiY3JlYXRlIjo1NDAwMDAwMDAwMDAwLCJkZWxldGUiOjU0MDAwMDAwMDAwMDAsInJlYWQiOjMwMDAwMDAwMDAwMCwidXBkYXRlIjo1NDAwMDAwMDAwMDAwfX0=",
          "dependencies": [
            "random_pet.name_prefix"
          ]
        }
      ]
    },
    {
      "mode": "managed",
      "type": "azurerm_subnet",
      "name": "default",
      "provider": "provider[\"registry.terraform.io/hashicorp/azurerm\"]",
      "instances": [
        {
          "schema_version": 0,
          "attributes": {
            "address_prefixes": [
              "10.0.2.0/24"
            ],
            "delegation": [
              {
                "name": "fs",
                "service_delegation": [
                  {
                    "actions": [
                      "Microsoft.Network/virtualNetworks/subnets/join/action"
                    ],
                    "name": "Microsoft.DBforPostgreSQL/flexibleServers"
                  }
                ]
              }
            ],
            "enforce_private_link_endpoint_network_policies": false,
            "enforce_private_link_service_network_policies": false,
            "id": "/subscriptions/12049274-c11c-483b-8f74-e01c94467433/resourceGroups/postgresqlfs-kitten/providers/Microsoft.Network/virtualNetworks/postgresqlfs-kitten-vnet/subnets/postgresqlfs-kitten-subnet",
            "name": "postgresqlfs-kitten-subnet",
            "private_endpoint_network_policies_enabled": true,
            "private_link_service_network_policies_enabled": true,
            "resource_group_name": "postgresqlfs-kitten",
            "service_endpoint_policy_ids": null,
            "service_endpoints": [
              "Microsoft.Storage"
            ],
            "timeouts": null,
            "virtual_network_name": "postgresqlfs-kitten-vnet"
          },
          "sensitive_attributes": [],
          "private": "eyJlMmJmYjczMC1lY2FhLTExZTYtOGY4OC0zNDM2M2JjN2M0YzAiOnsiY3JlYXRlIjoxODAwMDAwMDAwMDAwLCJkZWxldGUiOjE4MDAwMDAwMDAwMDAsInJlYWQiOjMwMDAwMDAwMDAwMCwidXBkYXRlIjoxODAwMDAwMDAwMDAwfX0=",
          "dependencies": [
            "azurerm_resource_group.default",
            "azurerm_virtual_network.default",
            "random_pet.name_prefix"
          ]
        }
      ]
    },
    {
      "mode": "managed",
      "type": "azurerm_subnet_network_security_group_association",
      "name": "default",
      "provider": "provider[\"registry.terraform.io/hashicorp/azurerm\"]",
      "instances": [
        {
          "schema_version": 0,
          "attributes": {
            "id": "/subscriptions/12049274-c11c-483b-8f74-e01c94467433/resourceGroups/postgresqlfs-kitten/providers/Microsoft.Network/virtualNetworks/postgresqlfs-kitten-vnet/subnets/postgresqlfs-kitten-subnet",
            "network_security_group_id": "/subscriptions/12049274-c11c-483b-8f74-e01c94467433/resourceGroups/postgresqlfs-kitten/providers/Microsoft.Network/networkSecurityGroups/postgresqlfs-kitten-nsg",
            "subnet_id": "/subscriptions/12049274-c11c-483b-8f74-e01c94467433/resourceGroups/postgresqlfs-kitten/providers/Microsoft.Network/virtualNetworks/postgresqlfs-kitten-vnet/subnets/postgresqlfs-kitten-subnet",
            "timeouts": null
          },
          "sensitive_attributes": [],
          "private": "eyJlMmJmYjczMC1lY2FhLTExZTYtOGY4OC0zNDM2M2JjN2M0YzAiOnsiY3JlYXRlIjoxODAwMDAwMDAwMDAwLCJkZWxldGUiOjE4MDAwMDAwMDAwMDAsInJlYWQiOjMwMDAwMDAwMDAwMH19",
          "dependencies": [
            "azurerm_network_security_group.default",
            "azurerm_resource_group.default",
            "azurerm_subnet.default",
            "azurerm_virtual_network.default",
            "random_pet.name_prefix"
          ]
        }
      ]
    },
    {
      "mode": "managed",
      "type": "azurerm_virtual_network",
      "name": "default",
      "provider": "provider[\"registry.terraform.io/hashicorp/azurerm\"]",
      "instances": [
        {
          "schema_version": 0,
          "attributes": {
            "address_space": [
              "10.0.0.0/16"
            ],
            "bgp_community": "",
            "ddos_protection_plan": [],
            "dns_servers": [],
            "edge_zone": "",
            "encryption": [],
            "flow_timeout_in_minutes": 0,
            "guid": "7db54af2-ef6f-4538-9cc8-e59d268dcc10",
            "id": "/subscriptions/12049274-c11c-483b-8f74-e01c94467433/resourceGroups/postgresqlfs-kitten/providers/Microsoft.Network/virtualNetworks/postgresqlfs-kitten-vnet",
            "location": "westeurope",
            "name": "postgresqlfs-kitten-vnet",
            "resource_group_name": "postgresqlfs-kitten",
            "subnet": [],
            "tags": null,
            "timeouts": null
          },
          "sensitive_attributes": [],
          "private": "eyJlMmJmYjczMC1lY2FhLTExZTYtOGY4OC0zNDM2M2JjN2M0YzAiOnsiY3JlYXRlIjoxODAwMDAwMDAwMDAwLCJkZWxldGUiOjE4MDAwMDAwMDAwMDAsInJlYWQiOjMwMDAwMDAwMDAwMCwidXBkYXRlIjoxODAwMDAwMDAwMDAwfX0=",
          "dependencies": [
            "azurerm_resource_group.default",
            "random_pet.name_prefix"
          ]
        }
      ]
    },
    {
      "mode": "managed",
      "type": "null_resource",
      "name": "db_init",
      "provider": "provider[\"registry.terraform.io/hashicorp/null\"]",
      "instances": [
        {
          "status": "tainted",
          "schema_version": 0,
          "attributes": {
            "id": "1216531908903704838",
            "triggers": null
          },
          "sensitive_attributes": [],
          "dependencies": [
            "azurerm_network_security_group.default",
            "azurerm_postgresql_flexible_server.default",
            "azurerm_postgresql_flexible_server_database.default",
            "azurerm_private_dns_zone.default",
            "azurerm_private_dns_zone_virtual_network_link.default",
            "azurerm_resource_group.default",
            "azurerm_subnet.default",
            "azurerm_subnet_network_security_group_association.default",
            "azurerm_virtual_network.default",
            "random_password.pass",
            "random_pet.name_prefix"
          ]
        }
      ]
    },
    {
      "mode": "managed",
      "type": "random_password",
      "name": "pass",
      "provider": "provider[\"registry.terraform.io/hashicorp/random\"]",
      "instances": [
        {
          "schema_version": 3,
          "attributes": {
            "bcrypt_hash": "$2a$10$nYnMwfXb53mPyJCFifeYkO4JG5d2e/.Cq73j4ruLtUsl/OYd.DuQS",
            "id": "none",
            "keepers": null,
            "length": 20,
            "lower": true,
            "min_lower": 0,
            "min_numeric": 0,
            "min_special": 0,
            "min_upper": 0,
            "number": true,
            "numeric": true,
            "override_special": null,
            "result": "UtHWhOpiI9R1)?7%An\u003cv",
            "special": true,
            "upper": true
          },
          "sensitive_attributes": []
        }
      ]
    },
    {
      "mode": "managed",
      "type": "random_pet",
      "name": "name_prefix",
      "provider": "provider[\"registry.terraform.io/hashicorp/random\"]",
      "instances": [
        {
          "schema_version": 0,
          "attributes": {
            "id": "postgresqlfs-kitten",
            "keepers": null,
            "length": 1,
            "prefix": "postgresqlfs",
            "separator": "-"
          },
          "sensitive_attributes": []
        }
      ]
    }
  ],
  "check_results": null
}
